
Microsoft Visual Studio Solution File, Format Version 12.00
# Visual Studio Version 17
VisualStudioVersion = 17.8.34330.188
MinimumVisualStudioVersion = 10.0.40219.1
Project("{FAE04EC0-301F-11D3-BF4B-00C04F79EFBC}") = "TrackYourBusiness", "TrackYourBusiness\TrackYourBusiness.csproj", "{B9786FB8-AB0C-407D-B8F7-19EE46A8B6A3}"
EndProject
Global
	GlobalSection(SolutionConfigurationPlatforms) = preSolution
		Debug|Any CPU = Debug|Any CPU
		Release|Any CPU = Release|Any CPU
	EndGlobalSection
	GlobalSection(ProjectConfigurationPlatforms) = postSolution
		{B9786FB8-AB0C-407D-B8F7-19EE46A8B6A3}.Debug|Any CPU.ActiveCfg = Debug|Any CPU
		{B9786FB8-AB0C-407D-B8F7-19EE46A8B6A3}.Debug|Any CPU.Build.0 = Debug|Any CPU
		{B9786FB8-AB0C-407D-B8F7-19EE46A8B6A3}.Release|Any CPU.ActiveCfg = Release|Any CPU
		{B9786FB8-AB0C-407D-B8F7-19EE46A8B6A3}.Release|Any CPU.Build.0 = Release|Any CPU
	EndGlobalSection
	GlobalSection(SolutionProperties) = preSolution
		HideSolutionNode = FALSE
	EndGlobalSection
	GlobalSection(ExtensibilityGlobals) = postSolution
		SolutionGuid = {B58B428E-D446-4875-B471-4D134AE403C5}
	EndGlobalSection
EndGlobal
